
Microsoft Visual Studio Solution File, Format Version 12.00
# Visual Studio Version 17
VisualStudioVersion = 17.9.34622.214
MinimumVisualStudioVersion = 10.0.40219.1
Project("{9A19103F-16F7-4668-BE54-9A1E7A4F7556}") = "CentaurScores", "CentaurScores\CentaurScores.csproj", "{E44533DE-05D5-42AC-8186-E9D6B975953B}"
EndProject
Project("{2150E333-8FDC-42A3-9474-1A3956D46DE8}") = "Solution Items", "Solution Items", "{8AAE8877-E9DF-4119-A82A-3B2289344094}"
	ProjectSection(SolutionItems) = preProject
		.gitignore = .gitignore
		DESIGN.md = DESIGN.md
		install-or-update-centaur-scores-api.sh = install-or-update-centaur-scores-api.sh
		.github\workflows\main.yaml = .github\workflows\main.yaml
		README.md = README.md
		release-notes.md = release-notes.md
	EndProjectSection
EndProject
Project("{FAE04EC0-301F-11D3-BF4B-00C04F79EFBC}") = "CentaurScores.Data", "CentaurScores.Data\CentaurScores.Data.csproj", "{C5D8F99E-BF0F-412A-B665-D1C1F359103E}"
EndProject
Project("{FAE04EC0-301F-11D3-BF4B-00C04F79EFBC}") = "CentaurScores.Services", "CentaurScores.Services\CentaurScores.Services.csproj", "{37584540-D78D-4354-AAC4-C18496B706B0}"
EndProject
Global
	GlobalSection(SolutionConfigurationPlatforms) = preSolution
		Debug|Any CPU = Debug|Any CPU
		Release|Any CPU = Release|Any CPU
	EndGlobalSection
	GlobalSection(ProjectConfigurationPlatforms) = postSolution
		{E44533DE-05D5-42AC-8186-E9D6B975953B}.Debug|Any CPU.ActiveCfg = Debug|Any CPU
		{E44533DE-05D5-42AC-8186-E9D6B975953B}.Debug|Any CPU.Build.0 = Debug|Any CPU
		{E44533DE-05D5-42AC-8186-E9D6B975953B}.Release|Any CPU.ActiveCfg = Release|Any CPU
		{E44533DE-05D5-42AC-8186-E9D6B975953B}.Release|Any CPU.Build.0 = Release|Any CPU
		{C5D8F99E-BF0F-412A-B665-D1C1F359103E}.Debug|Any CPU.ActiveCfg = Debug|Any CPU
		{C5D8F99E-BF0F-412A-B665-D1C1F359103E}.Debug|Any CPU.Build.0 = Debug|Any CPU
		{C5D8F99E-BF0F-412A-B665-D1C1F359103E}.Release|Any CPU.ActiveCfg = Release|Any CPU
		{C5D8F99E-BF0F-412A-B665-D1C1F359103E}.Release|Any CPU.Build.0 = Release|Any CPU
		{37584540-D78D-4354-AAC4-C18496B706B0}.Debug|Any CPU.ActiveCfg = Debug|Any CPU
		{37584540-D78D-4354-AAC4-C18496B706B0}.Debug|Any CPU.Build.0 = Debug|Any CPU
		{37584540-D78D-4354-AAC4-C18496B706B0}.Release|Any CPU.ActiveCfg = Release|Any CPU
		{37584540-D78D-4354-AAC4-C18496B706B0}.Release|Any CPU.Build.0 = Release|Any CPU
	EndGlobalSection
	GlobalSection(SolutionProperties) = preSolution
		HideSolutionNode = FALSE
	EndGlobalSection
	GlobalSection(ExtensibilityGlobals) = postSolution
		SolutionGuid = {5BF16D1E-941B-48D0-A6D3-30DD9547AEDA}
	EndGlobalSection
EndGlobal
